
Microsoft Visual Studio Solution File, Format Version 12.00
# Visual Studio 15
VisualStudioVersion = 15.0.27130.2020
MinimumVisualStudioVersion = 10.0.40219.1
Project("{9A19103F-16F7-4668-BE54-9A1E7A4F7556}") = "Tmds.DBus", "src\Tmds.DBus\Tmds.DBus.csproj", "{5A4EA9D5-9249-49BC-B62B-022032CC3364}"
EndProject
Project("{9A19103F-16F7-4668-BE54-9A1E7A4F7556}") = "Tmds.DBus.Tests", "test\Tmds.DBus.Tests\Tmds.DBus.Tests.csproj", "{B9B99CFA-FB3A-4F7E-A712-34EE6E50E805}"
EndProject
Global
	GlobalSection(SolutionConfigurationPlatforms) = preSolution
		Debug|Any CPU = Debug|Any CPU
		Release|Any CPU = Release|Any CPU
	EndGlobalSection
	GlobalSection(ProjectConfigurationPlatforms) = postSolution
		{5A4EA9D5-9249-49BC-B62B-022032CC3364}.Debug|Any CPU.ActiveCfg = Debug|Any CPU
		{5A4EA9D5-9249-49BC-B62B-022032CC3364}.Debug|Any CPU.Build.0 = Debug|Any CPU
		{5A4EA9D5-9249-49BC-B62B-022032CC3364}.Release|Any CPU.ActiveCfg = Release|Any CPU
		{5A4EA9D5-9249-49BC-B62B-022032CC3364}.Release|Any CPU.Build.0 = Release|Any CPU
		{B9B99CFA-FB3A-4F7E-A712-34EE6E50E805}.Debug|Any CPU.ActiveCfg = Debug|Any CPU
		{B9B99CFA-FB3A-4F7E-A712-34EE6E50E805}.Debug|Any CPU.Build.0 = Debug|Any CPU
		{B9B99CFA-FB3A-4F7E-A712-34EE6E50E805}.Release|Any CPU.ActiveCfg = Release|Any CPU
		{B9B99CFA-FB3A-4F7E-A712-34EE6E50E805}.Release|Any CPU.Build.0 = Release|Any CPU
	EndGlobalSection
	GlobalSection(SolutionProperties) = preSolution
		HideSolutionNode = FALSE
	EndGlobalSection
	GlobalSection(ExtensibilityGlobals) = postSolution
		SolutionGuid = {D1F4195D-1E40-4FE6-9AD1-FC82BDFB785E}
	EndGlobalSection
EndGlobal
